// !$*UTF8*$!
{
	archiveVersion = 1;
	classes = {
	};
	objectVersion = 46;
	objects = {

/* Begin PBXBuildFile section */
		12447960252655FC152065D5 /* Pods_EatAlways.framework in Frameworks */ = {isa = PBXBuildFile; fileRef = 7138C580778B23FA33DE6FC3 /* Pods_EatAlways.framework */; };
		5620A74F1F43154E00CD2A70 /* AppDelegate.swift in Sources */ = {isa = PBXBuildFile; fileRef = 5620A74E1F43154E00CD2A70 /* AppDelegate.swift */; };
		5620A7541F43154E00CD2A70 /* Main.storyboard in Resources */ = {isa = PBXBuildFile; fileRef = 5620A7521F43154E00CD2A70 /* Main.storyboard */; };
		5620A7561F43154E00CD2A70 /* Assets.xcassets in Resources */ = {isa = PBXBuildFile; fileRef = 5620A7551F43154E00CD2A70 /* Assets.xcassets */; };
		5620A7591F43154E00CD2A70 /* LaunchScreen.storyboard in Resources */ = {isa = PBXBuildFile; fileRef = 5620A7571F43154E00CD2A70 /* LaunchScreen.storyboard */; };
		5620A7631F4322EB00CD2A70 /* SWRevealViewController.m in Sources */ = {isa = PBXBuildFile; fileRef = 5620A7621F4322EB00CD2A70 /* SWRevealViewController.m */; };
		564A80901F4A84FA008F225A /* Constants.swift in Sources */ = {isa = PBXBuildFile; fileRef = 564A808F1F4A84FA008F225A /* Constants.swift */; };
		56504AE81F442242008A5C3E /* MealDetailViewController.swift in Sources */ = {isa = PBXBuildFile; fileRef = 56504AE71F442242008A5C3E /* MealDetailViewController.swift */; };
		566DB0771F43F671004B3BB2 /* CustomerMenuTableViewController.swift in Sources */ = {isa = PBXBuildFile; fileRef = 566DB0761F43F671004B3BB2 /* CustomerMenuTableViewController.swift */; };
		566DB0791F440E03004B3BB2 /* MealListTableViewController.swift in Sources */ = {isa = PBXBuildFile; fileRef = 566DB0781F440E03004B3BB2 /* MealListTableViewController.swift */; };
		567568511F4872B7001C4C22 /* APIManager.swift in Sources */ = {isa = PBXBuildFile; fileRef = 567568501F4872B7001C4C22 /* APIManager.swift */; };
		56A401D41F44733B0022C7F0 /* PaymentViewController.swift in Sources */ = {isa = PBXBuildFile; fileRef = 56A401D31F44733B0022C7F0 /* PaymentViewController.swift */; };
		56CD3B2E1F447F0100B02CBE /* OrderViewController.swift in Sources */ = {isa = PBXBuildFile; fileRef = 56CD3B2D1F447F0100B02CBE /* OrderViewController.swift */; };
		56D0291B1F45A8D800BE1072 /* User.swift in Sources */ = {isa = PBXBuildFile; fileRef = 56D0291A1F45A8D800BE1072 /* User.swift */; };
		56D82F5B1F4452E10042ED2E /* TrayViewController.swift in Sources */ = {isa = PBXBuildFile; fileRef = 56D82F5A1F4452E10042ED2E /* TrayViewController.swift */; };
		56DB45251F4359A700C9AD50 /* RestaurantViewController.swift in Sources */ = {isa = PBXBuildFile; fileRef = 56DB45241F4359A700C9AD50 /* RestaurantViewController.swift */; };
		56EE003E1F4566FB00290B5D /* FBManager.swift in Sources */ = {isa = PBXBuildFile; fileRef = 56EE003D1F4566FB00290B5D /* FBManager.swift */; };
		56EE00401F45697C00290B5D /* LoginViewController.swift in Sources */ = {isa = PBXBuildFile; fileRef = 56EE003F1F45697C00290B5D /* LoginViewController.swift */; };
/* End PBXBuildFile section */

/* Begin PBXFileReference section */
		5620A74B1F43154E00CD2A70 /* EatAlways.app */ = {isa = PBXFileReference; explicitFileType = wrapper.application; includeInIndex = 0; path = EatAlways.app; sourceTree = BUILT_PRODUCTS_DIR; };
		5620A74E1F43154E00CD2A70 /* AppDelegate.swift */ = {isa = PBXFileReference; lastKnownFileType = sourcecode.swift; path = AppDelegate.swift; sourceTree = "<group>"; };
		5620A7531F43154E00CD2A70 /* Base */ = {isa = PBXFileReference; lastKnownFileType = file.storyboard; name = Base; path = Base.lproj/Main.storyboard; sourceTree = "<group>"; };
		5620A7551F43154E00CD2A70 /* Assets.xcassets */ = {isa = PBXFileReference; lastKnownFileType = folder.assetcatalog; path = Assets.xcassets; sourceTree = "<group>"; };
		5620A7581F43154E00CD2A70 /* Base */ = {isa = PBXFileReference; lastKnownFileType = file.storyboard; name = Base; path = Base.lproj/LaunchScreen.storyboard; sourceTree = "<group>"; };
		5620A75A1F43154E00CD2A70 /* Info.plist */ = {isa = PBXFileReference; lastKnownFileType = text.plist.xml; path = Info.plist; sourceTree = "<group>"; };
		5620A7601F4322EA00CD2A70 /* EatAlways-Bridging-Header.h */ = {isa = PBXFileReference; lastKnownFileType = sourcecode.c.h; path = "EatAlways-Bridging-Header.h"; sourceTree = "<group>"; };
		5620A7611F4322EB00CD2A70 /* SWRevealViewController.h */ = {isa = PBXFileReference; fileEncoding = 4; lastKnownFileType = sourcecode.c.h; path = SWRevealViewController.h; sourceTree = "<group>"; };
		5620A7621F4322EB00CD2A70 /* SWRevealViewController.m */ = {isa = PBXFileReference; fileEncoding = 4; lastKnownFileType = sourcecode.c.objc; path = SWRevealViewController.m; sourceTree = "<group>"; };
		564A808F1F4A84FA008F225A /* Constants.swift */ = {isa = PBXFileReference; fileEncoding = 4; lastKnownFileType = sourcecode.swift; path = Constants.swift; sourceTree = "<group>"; };
		564A80911F4A89D1008F225A /* EatAlways-Bridging-Header.h */ = {isa = PBXFileReference; fileEncoding = 4; lastKnownFileType = sourcecode.c.h; path = "EatAlways-Bridging-Header.h"; sourceTree = SOURCE_ROOT; };
		56504AE71F442242008A5C3E /* MealDetailViewController.swift */ = {isa = PBXFileReference; fileEncoding = 4; lastKnownFileType = sourcecode.swift; path = MealDetailViewController.swift; sourceTree = "<group>"; };
		566DB0761F43F671004B3BB2 /* CustomerMenuTableViewController.swift */ = {isa = PBXFileReference; fileEncoding = 4; lastKnownFileType = sourcecode.swift; path = CustomerMenuTableViewController.swift; sourceTree = "<group>"; };
		566DB0781F440E03004B3BB2 /* MealListTableViewController.swift */ = {isa = PBXFileReference; fileEncoding = 4; lastKnownFileType = sourcecode.swift; path = MealListTableViewController.swift; sourceTree = "<group>"; };
		567568501F4872B7001C4C22 /* APIManager.swift */ = {isa = PBXFileReference; fileEncoding = 4; lastKnownFileType = sourcecode.swift; path = APIManager.swift; sourceTree = "<group>"; };
		568064571F453D170009F868 /* EatAlways.entitlements */ = {isa = PBXFileReference; lastKnownFileType = text.plist.entitlements; path = EatAlways.entitlements; sourceTree = "<group>"; };
		56A401D31F44733B0022C7F0 /* PaymentViewController.swift */ = {isa = PBXFileReference; fileEncoding = 4; lastKnownFileType = sourcecode.swift; path = PaymentViewController.swift; sourceTree = "<group>"; };
		56CD3B2D1F447F0100B02CBE /* OrderViewController.swift */ = {isa = PBXFileReference; fileEncoding = 4; lastKnownFileType = sourcecode.swift; path = OrderViewController.swift; sourceTree = "<group>"; };
		56D0291A1F45A8D800BE1072 /* User.swift */ = {isa = PBXFileReference; fileEncoding = 4; lastKnownFileType = sourcecode.swift; path = User.swift; sourceTree = "<group>"; };
		56D82F5A1F4452E10042ED2E /* TrayViewController.swift */ = {isa = PBXFileReference; fileEncoding = 4; lastKnownFileType = sourcecode.swift; path = TrayViewController.swift; sourceTree = "<group>"; };
		56DB45241F4359A700C9AD50 /* RestaurantViewController.swift */ = {isa = PBXFileReference; fileEncoding = 4; lastKnownFileType = sourcecode.swift; path = RestaurantViewController.swift; sourceTree = "<group>"; };
		56EE003D1F4566FB00290B5D /* FBManager.swift */ = {isa = PBXFileReference; fileEncoding = 4; lastKnownFileType = sourcecode.swift; path = FBManager.swift; sourceTree = "<group>"; };
		56EE003F1F45697C00290B5D /* LoginViewController.swift */ = {isa = PBXFileReference; fileEncoding = 4; lastKnownFileType = sourcecode.swift; path = LoginViewController.swift; sourceTree = "<group>"; };
		7138C580778B23FA33DE6FC3 /* Pods_EatAlways.framework */ = {isa = PBXFileReference; explicitFileType = wrapper.framework; includeInIndex = 0; path = Pods_EatAlways.framework; sourceTree = BUILT_PRODUCTS_DIR; };
		8315092A00046EF887AE6D19 /* Pods-EatAlways.debug.xcconfig */ = {isa = PBXFileReference; includeInIndex = 1; lastKnownFileType = text.xcconfig; name = "Pods-EatAlways.debug.xcconfig"; path = "Pods/Target Support Files/Pods-EatAlways/Pods-EatAlways.debug.xcconfig"; sourceTree = "<group>"; };
		C234EF3B4264656517778773 /* Pods-EatAlways.release.xcconfig */ = {isa = PBXFileReference; includeInIndex = 1; lastKnownFileType = text.xcconfig; name = "Pods-EatAlways.release.xcconfig"; path = "Pods/Target Support Files/Pods-EatAlways/Pods-EatAlways.release.xcconfig"; sourceTree = "<group>"; };
/* End PBXFileReference section */

/* Begin PBXFrameworksBuildPhase section */
		5620A7481F43154E00CD2A70 /* Frameworks */ = {
			isa = PBXFrameworksBuildPhase;
			buildActionMask = 2147483647;
			files = (
				12447960252655FC152065D5 /* Pods_EatAlways.framework in Frameworks */,
			);
			runOnlyForDeploymentPostprocessing = 0;
		};
/* End PBXFrameworksBuildPhase section */

/* Begin PBXGroup section */
		5620A7421F43154E00CD2A70 = {
			isa = PBXGroup;
			children = (
				5620A74D1F43154E00CD2A70 /* EatAlways */,
				5620A7641F4322EE00CD2A70 /* Library */,
				5620A74C1F43154E00CD2A70 /* Products */,
				56D82F5C1F445ADB0042ED2E /* Frameworks */,
				DD09FFC98D7561C33E57F5ED /* Pods */,
			);
			sourceTree = "<group>";
		};
		5620A74C1F43154E00CD2A70 /* Products */ = {
			isa = PBXGroup;
			children = (
				5620A74B1F43154E00CD2A70 /* EatAlways.app */,
			);
			name = Products;
			sourceTree = "<group>";
		};
		5620A74D1F43154E00CD2A70 /* EatAlways */ = {
			isa = PBXGroup;
			children = (
				567568551F4872EC001C4C22 /* View */,
				567568541F4872D2001C4C22 /* Manager */,
				567568531F4872C2001C4C22 /* Controller */,
				567568521F4872BB001C4C22 /* Model */,
				568064571F453D170009F868 /* EatAlways.entitlements */,
				5620A74E1F43154E00CD2A70 /* AppDelegate.swift */,
				5620A7521F43154E00CD2A70 /* Main.storyboard */,
				5620A7651F43249A00CD2A70 /* Support */,
			);
			path = EatAlways;
			sourceTree = "<group>";
		};
		5620A7641F4322EE00CD2A70 /* Library */ = {
			isa = PBXGroup;
			children = (
				5620A7611F4322EB00CD2A70 /* SWRevealViewController.h */,
				5620A7621F4322EB00CD2A70 /* SWRevealViewController.m */,
				5620A7601F4322EA00CD2A70 /* EatAlways-Bridging-Header.h */,
			);
			name = Library;
			path = EatAlways;
			sourceTree = "<group>";
		};
		5620A7651F43249A00CD2A70 /* Support */ = {
			isa = PBXGroup;
			children = (
				5620A7551F43154E00CD2A70 /* Assets.xcassets */,
				5620A7571F43154E00CD2A70 /* LaunchScreen.storyboard */,
				564A80911F4A89D1008F225A /* EatAlways-Bridging-Header.h */,
				5620A75A1F43154E00CD2A70 /* Info.plist */,
			);
			name = Support;
			sourceTree = "<group>";
		};
		567568521F4872BB001C4C22 /* Model */ = {
			isa = PBXGroup;
			children = (
				56D0291A1F45A8D800BE1072 /* User.swift */,
			);
			name = Model;
			sourceTree = "<group>";
		};
		567568531F4872C2001C4C22 /* Controller */ = {
			isa = PBXGroup;
			children = (
				56EE003F1F45697C00290B5D /* LoginViewController.swift */,
				56CD3B2D1F447F0100B02CBE /* OrderViewController.swift */,
				566DB0761F43F671004B3BB2 /* CustomerMenuTableViewController.swift */,
				56DB45241F4359A700C9AD50 /* RestaurantViewController.swift */,
				566DB0781F440E03004B3BB2 /* MealListTableViewController.swift */,
				56504AE71F442242008A5C3E /* MealDetailViewController.swift */,
				56D82F5A1F4452E10042ED2E /* TrayViewController.swift */,
				56A401D31F44733B0022C7F0 /* PaymentViewController.swift */,
			);
			name = Controller;
			sourceTree = "<group>";
		};
		567568541F4872D2001C4C22 /* Manager */ = {
			isa = PBXGroup;
			children = (
				56EE003D1F4566FB00290B5D /* FBManager.swift */,
				567568501F4872B7001C4C22 /* APIManager.swift */,
				564A808F1F4A84FA008F225A /* Constants.swift */,
			);
			name = Manager;
			sourceTree = "<group>";
		};
		567568551F4872EC001C4C22 /* View */ = {
			isa = PBXGroup;
			children = (
			);
			name = View;
			sourceTree = "<group>";
		};
		56D82F5C1F445ADB0042ED2E /* Frameworks */ = {
			isa = PBXGroup;
			children = (
				7138C580778B23FA33DE6FC3 /* Pods_EatAlways.framework */,
			);
			name = Frameworks;
			sourceTree = "<group>";
		};
		DD09FFC98D7561C33E57F5ED /* Pods */ = {
			isa = PBXGroup;
			children = (
				8315092A00046EF887AE6D19 /* Pods-EatAlways.debug.xcconfig */,
				C234EF3B4264656517778773 /* Pods-EatAlways.release.xcconfig */,
			);
			name = Pods;
			sourceTree = "<group>";
		};
/* End PBXGroup section */

/* Begin PBXNativeTarget section */
		5620A74A1F43154E00CD2A70 /* EatAlways */ = {
			isa = PBXNativeTarget;
			buildConfigurationList = 5620A75D1F43154E00CD2A70 /* Build configuration list for PBXNativeTarget "EatAlways" */;
			buildPhases = (
				5633E8F1C13F3F6C1A73C9A7 /* [CP] Check Pods Manifest.lock */,
				5620A7471F43154E00CD2A70 /* Sources */,
				5620A7481F43154E00CD2A70 /* Frameworks */,
				5620A7491F43154E00CD2A70 /* Resources */,
				613A51F4B0AEE85939A24F9B /* [CP] Embed Pods Frameworks */,
				D50C385705AA68991C4742AF /* [CP] Copy Pods Resources */,
			);
			buildRules = (
			);
			dependencies = (
			);
			name = EatAlways;
			productName = EatAlways;
			productReference = 5620A74B1F43154E00CD2A70 /* EatAlways.app */;
			productType = "com.apple.product-type.application";
		};
/* End PBXNativeTarget section */

/* Begin PBXProject section */
		5620A7431F43154E00CD2A70 /* Project object */ = {
			isa = PBXProject;
			attributes = {
				LastSwiftUpdateCheck = 0830;
				LastUpgradeCheck = 0830;
				ORGANIZATIONNAME = KaFeiDou;
				TargetAttributes = {
					5620A74A1F43154E00CD2A70 = {
						CreatedOnToolsVersion = 8.3.2;
						LastSwiftMigration = 0830;
						ProvisioningStyle = Automatic;
						SystemCapabilities = {
							com.apple.Keychain = {
								enabled = 1;
							};
						};
					};
				};
			};
			buildConfigurationList = 5620A7461F43154E00CD2A70 /* Build configuration list for PBXProject "EatAlways" */;
			compatibilityVersion = "Xcode 3.2";
			developmentRegion = English;
			hasScannedForEncodings = 0;
			knownRegions = (
				en,
				Base,
			);
			mainGroup = 5620A7421F43154E00CD2A70;
			productRefGroup = 5620A74C1F43154E00CD2A70 /* Products */;
			projectDirPath = "";
			projectRoot = "";
			targets = (
				5620A74A1F43154E00CD2A70 /* EatAlways */,
			);
		};
/* End PBXProject section */

/* Begin PBXResourcesBuildPhase section */
		5620A7491F43154E00CD2A70 /* Resources */ = {
			isa = PBXResourcesBuildPhase;
			buildActionMask = 2147483647;
			files = (
				5620A7591F43154E00CD2A70 /* LaunchScreen.storyboard in Resources */,
				5620A7561F43154E00CD2A70 /* Assets.xcassets in Resources */,
				5620A7541F43154E00CD2A70 /* Main.storyboard in Resources */,
			);
			runOnlyForDeploymentPostprocessing = 0;
		};
/* End PBXResourcesBuildPhase section */

/* Begin PBXShellScriptBuildPhase section */
		5633E8F1C13F3F6C1A73C9A7 /* [CP] Check Pods Manifest.lock */ = {
			isa = PBXShellScriptBuildPhase;
			buildActionMask = 2147483647;
			files = (
			);
			inputPaths = (
			);
			name = "[CP] Check Pods Manifest.lock";
			outputPaths = (
			);
			runOnlyForDeploymentPostprocessing = 0;
			shellPath = /bin/sh;
			shellScript = "diff \"${PODS_PODFILE_DIR_PATH}/Podfile.lock\" \"${PODS_ROOT}/Manifest.lock\" > /dev/null\nif [ $? != 0 ] ; then\n    # print error to STDERR\n    echo \"error: The sandbox is not in sync with the Podfile.lock. Run 'pod install' or update your CocoaPods installation.\" >&2\n    exit 1\nfi\n";
			showEnvVarsInLog = 0;
		};
		613A51F4B0AEE85939A24F9B /* [CP] Embed Pods Frameworks */ = {
			isa = PBXShellScriptBuildPhase;
			buildActionMask = 2147483647;
			files = (
			);
			inputPaths = (
			);
			name = "[CP] Embed Pods Frameworks";
			outputPaths = (
			);
			runOnlyForDeploymentPostprocessing = 0;
			shellPath = /bin/sh;
			shellScript = "\"${SRCROOT}/Pods/Target Support Files/Pods-EatAlways/Pods-EatAlways-frameworks.sh\"\n";
			showEnvVarsInLog = 0;
		};
		D50C385705AA68991C4742AF /* [CP] Copy Pods Resources */ = {
			isa = PBXShellScriptBuildPhase;
			buildActionMask = 2147483647;
			files = (
			);
			inputPaths = (
			);
			name = "[CP] Copy Pods Resources";
			outputPaths = (
			);
			runOnlyForDeploymentPostprocessing = 0;
			shellPath = /bin/sh;
			shellScript = "\"${SRCROOT}/Pods/Target Support Files/Pods-EatAlways/Pods-EatAlways-resources.sh\"\n";
			showEnvVarsInLog = 0;
		};
/* End PBXShellScriptBuildPhase section */

/* Begin PBXSourcesBuildPhase section */
		5620A7471F43154E00CD2A70 /* Sources */ = {
			isa = PBXSourcesBuildPhase;
			buildActionMask = 2147483647;
			files = (
				56D0291B1F45A8D800BE1072 /* User.swift in Sources */,
				56EE00401F45697C00290B5D /* LoginViewController.swift in Sources */,
				56EE003E1F4566FB00290B5D /* FBManager.swift in Sources */,
				56CD3B2E1F447F0100B02CBE /* OrderViewController.swift in Sources */,
				56DB45251F4359A700C9AD50 /* RestaurantViewController.swift in Sources */,
				567568511F4872B7001C4C22 /* APIManager.swift in Sources */,
				56D82F5B1F4452E10042ED2E /* TrayViewController.swift in Sources */,
				566DB0791F440E03004B3BB2 /* MealListTableViewController.swift in Sources */,
				5620A74F1F43154E00CD2A70 /* AppDelegate.swift in Sources */,
				566DB0771F43F671004B3BB2 /* CustomerMenuTableViewController.swift in Sources */,
				56504AE81F442242008A5C3E /* MealDetailViewController.swift in Sources */,
				564A80901F4A84FA008F225A /* Constants.swift in Sources */,
				56A401D41F44733B0022C7F0 /* PaymentViewController.swift in Sources */,
				5620A7631F4322EB00CD2A70 /* SWRevealViewController.m in Sources */,
			);
			runOnlyForDeploymentPostprocessing = 0;
		};
/* End PBXSourcesBuildPhase section */

/* Begin PBXVariantGroup section */
		5620A7521F43154E00CD2A70 /* Main.storyboard */ = {
			isa = PBXVariantGroup;
			children = (
				5620A7531F43154E00CD2A70 /* Base */,
			);
			name = Main.storyboard;
			sourceTree = "<group>";
		};
		5620A7571F43154E00CD2A70 /* LaunchScreen.storyboard */ = {
			isa = PBXVariantGroup;
			children = (
				5620A7581F43154E00CD2A70 /* Base */,
			);
			name = LaunchScreen.storyboard;
			sourceTree = "<group>";
		};
/* End PBXVariantGroup section */

/* Begin XCBuildConfiguration section */
		5620A75B1F43154E00CD2A70 /* Debug */ = {
			isa = XCBuildConfiguration;
			buildSettings = {
				ALWAYS_SEARCH_USER_PATHS = NO;
				CLANG_ANALYZER_NONNULL = YES;
				CLANG_ANALYZER_NUMBER_OBJECT_CONVERSION = YES_AGGRESSIVE;
				CLANG_CXX_LANGUAGE_STANDARD = "gnu++0x";
				CLANG_CXX_LIBRARY = "libc++";
				CLANG_ENABLE_MODULES = YES;
				CLANG_ENABLE_OBJC_ARC = YES;
				CLANG_WARN_BOOL_CONVERSION = YES;
				CLANG_WARN_CONSTANT_CONVERSION = YES;
				CLANG_WARN_DIRECT_OBJC_ISA_USAGE = YES_ERROR;
				CLANG_WARN_DOCUMENTATION_COMMENTS = YES;
				CLANG_WARN_EMPTY_BODY = YES;
				CLANG_WARN_ENUM_CONVERSION = YES;
				CLANG_WARN_INFINITE_RECURSION = YES;
				CLANG_WARN_INT_CONVERSION = YES;
				CLANG_WARN_OBJC_ROOT_CLASS = YES_ERROR;
				CLANG_WARN_SUSPICIOUS_MOVE = YES;
				CLANG_WARN_UNREACHABLE_CODE = YES;
				CLANG_WARN__DUPLICATE_METHOD_MATCH = YES;
				"CODE_SIGN_IDENTITY[sdk=iphoneos*]" = "iPhone Developer";
				COPY_PHASE_STRIP = NO;
				DEBUG_INFORMATION_FORMAT = dwarf;
				ENABLE_STRICT_OBJC_MSGSEND = YES;
				ENABLE_TESTABILITY = YES;
				GCC_C_LANGUAGE_STANDARD = gnu99;
				GCC_DYNAMIC_NO_PIC = NO;
				GCC_NO_COMMON_BLOCKS = YES;
				GCC_OPTIMIZATION_LEVEL = 0;
				GCC_PREPROCESSOR_DEFINITIONS = (
					"DEBUG=1",
					"$(inherited)",
				);
				GCC_WARN_64_TO_32_BIT_CONVERSION = YES;
				GCC_WARN_ABOUT_RETURN_TYPE = YES_ERROR;
				GCC_WARN_UNDECLARED_SELECTOR = YES;
				GCC_WARN_UNINITIALIZED_AUTOS = YES_AGGRESSIVE;
				GCC_WARN_UNUSED_FUNCTION = YES;
				GCC_WARN_UNUSED_VARIABLE = YES;
				IPHONEOS_DEPLOYMENT_TARGET = 10.3;
				MTL_ENABLE_DEBUG_INFO = YES;
				ONLY_ACTIVE_ARCH = YES;
				SDKROOT = iphoneos;
				SWIFT_ACTIVE_COMPILATION_CONDITIONS = DEBUG;
				SWIFT_OPTIMIZATION_LEVEL = "-Onone";
			};
			name = Debug;
		};
		5620A75C1F43154E00CD2A70 /* Release */ = {
			isa = XCBuildConfiguration;
			buildSettings = {
				ALWAYS_SEARCH_USER_PATHS = NO;
				CLANG_ANALYZER_NONNULL = YES;
				CLANG_ANALYZER_NUMBER_OBJECT_CONVERSION = YES_AGGRESSIVE;
				CLANG_CXX_LANGUAGE_STANDARD = "gnu++0x";
				CLANG_CXX_LIBRARY = "libc++";
				CLANG_ENABLE_MODULES = YES;
				CLANG_ENABLE_OBJC_ARC = YES;
				CLANG_WARN_BOOL_CONVERSION = YES;
				CLANG_WARN_CONSTANT_CONVERSION = YES;
				CLANG_WARN_DIRECT_OBJC_ISA_USAGE = YES_ERROR;
				CLANG_WARN_DOCUMENTATION_COMMENTS = YES;
				CLANG_WARN_EMPTY_BODY = YES;
				CLANG_WARN_ENUM_CONVERSION = YES;
				CLANG_WARN_INFINITE_RECURSION = YES;
				CLANG_WARN_INT_CONVERSION = YES;
				CLANG_WARN_OBJC_ROOT_CLASS = YES_ERROR;
				CLANG_WARN_SUSPICIOUS_MOVE = YES;
				CLANG_WARN_UNREACHABLE_CODE = YES;
				CLANG_WARN__DUPLICATE_METHOD_MATCH = YES;
				"CODE_SIGN_IDENTITY[sdk=iphoneos*]" = "iPhone Developer";
				COPY_PHASE_STRIP = NO;
				DEBUG_INFORMATION_FORMAT = "dwarf-with-dsym";
				ENABLE_NS_ASSERTIONS = NO;
				ENABLE_STRICT_OBJC_MSGSEND = YES;
				GCC_C_LANGUAGE_STANDARD = gnu99;
				GCC_NO_COMMON_BLOCKS = YES;
				GCC_WARN_64_TO_32_BIT_CONVERSION = YES;
				GCC_WARN_ABOUT_RETURN_TYPE = YES_ERROR;
				GCC_WARN_UNDECLARED_SELECTOR = YES;
				GCC_WARN_UNINITIALIZED_AUTOS = YES_AGGRESSIVE;
				GCC_WARN_UNUSED_FUNCTION = YES;
				GCC_WARN_UNUSED_VARIABLE = YES;
				IPHONEOS_DEPLOYMENT_TARGET = 10.3;
				MTL_ENABLE_DEBUG_INFO = NO;
				SDKROOT = iphoneos;
				SWIFT_OPTIMIZATION_LEVEL = "-Owholemodule";
				VALIDATE_PRODUCT = YES;
			};
			name = Release;
		};
		5620A75E1F43154E00CD2A70 /* Debug */ = {
			isa = XCBuildConfiguration;
			baseConfigurationReference = 8315092A00046EF887AE6D19 /* Pods-EatAlways.debug.xcconfig */;
			buildSettings = {
				ASSETCATALOG_COMPILER_APPICON_NAME = AppIcon;
				CLANG_ENABLE_MODULES = YES;
				CODE_SIGN_ENTITLEMENTS = EatAlways/EatAlways.entitlements;
				DEVELOPMENT_TEAM = "";
				INFOPLIST_FILE = EatAlways/Info.plist;
				LD_RUNPATH_SEARCH_PATHS = "$(inherited) @executable_path/Frameworks";
				PRODUCT_BUNDLE_IDENTIFIER = com.kafeidou.EatAlways;
				PRODUCT_NAME = "$(TARGET_NAME)";
				SWIFT_OBJC_BRIDGING_HEADER = "EatAlways/EatAlways-Bridging-Header.h";
				SWIFT_OPTIMIZATION_LEVEL = "-Onone";
				SWIFT_VERSION = 3.0;
			};
			name = Debug;
		};
		5620A75F1F43154E00CD2A70 /* Release */ = {
			isa = XCBuildConfiguration;
			baseConfigurationReference = C234EF3B4264656517778773 /* Pods-EatAlways.release.xcconfig */;
			buildSettings = {
				ASSETCATALOG_COMPILER_APPICON_NAME = AppIcon;
				CLANG_ENABLE_MODULES = YES;
				CODE_SIGN_ENTITLEMENTS = EatAlways/EatAlways.entitlements;
				DEVELOPMENT_TEAM = "";
				INFOPLIST_FILE = EatAlways/Info.plist;
				LD_RUNPATH_SEARCH_PATHS = "$(inherited) @executable_path/Frameworks";
				PRODUCT_BUNDLE_IDENTIFIER = com.kafeidou.EatAlways;
				PRODUCT_NAME = "$(TARGET_NAME)";
				SWIFT_OBJC_BRIDGING_HEADER = "EatAlways/EatAlways-Bridging-Header.h";
				SWIFT_VERSION = 3.0;
			};
			name = Release;
		};
/* End XCBuildConfiguration section */

/* Begin XCConfigurationList section */
		5620A7461F43154E00CD2A70 /* Build configuration list for PBXProject "EatAlways" */ = {
			isa = XCConfigurationList;
			buildConfigurations = (
				5620A75B1F43154E00CD2A70 /* Debug */,
				5620A75C1F43154E00CD2A70 /* Release */,
			);
			defaultConfigurationIsVisible = 0;
			defaultConfigurationName = Release;
		};
		5620A75D1F43154E00CD2A70 /* Build configuration list for PBXNativeTarget "EatAlways" */ = {
			isa = XCConfigurationList;
			buildConfigurations = (
				5620A75E1F43154E00CD2A70 /* Debug */,
				5620A75F1F43154E00CD2A70 /* Release */,
			);
			defaultConfigurationIsVisible = 0;
			defaultConfigurationName = Release;
		};
/* End XCConfigurationList section */
	};
	rootObject = 5620A7431F43154E00CD2A70 /* Project object */;
}
